
Microsoft Visual Studio Solution File, Format Version 12.00
# Visual Studio 15
VisualStudioVersion = 15.0.28010.2036
MinimumVisualStudioVersion = 10.0.40219.1
Project("{FAE04EC0-301F-11D3-BF4B-00C04F79EFBC}") = "ppedv.Koffeinator.Model", "ppedv.Koffeinator.Model\ppedv.Koffeinator.Model.csproj", "{102B0883-FFC6-4EFD-9297-439826D9701E}"
EndProject
Project("{FAE04EC0-301F-11D3-BF4B-00C04F79EFBC}") = "Jura.Pressa2000", "Jura.Pressa2000\Jura.Pressa2000.csproj", "{10E485AE-44C2-4697-A91B-44D43309EDA3}"
EndProject
Project("{FAE04EC0-301F-11D3-BF4B-00C04F79EFBC}") = "Siemens.EhhKuhh", "Siemens.EhhKuhh\Siemens.EhhKuhh.csproj", "{CAF979AD-FD28-48A4-8576-FD01C39F44EF}"
EndProject
Project("{FAE04EC0-301F-11D3-BF4B-00C04F79EFBC}") = "ppedv.Koffeinator.Data.Siemens", "ppedv.Koffeinator.Data.Siemens\ppedv.Koffeinator.Data.Siemens.csproj", "{92FDBD02-E657-4A65-B521-BD1CA42A091A}"
EndProject
Project("{FAE04EC0-301F-11D3-BF4B-00C04F79EFBC}") = "ppedv.Koffeinator.Data.Siemens.Tests", "ppedv.Koffeinator.Data.Siemens.Tests\ppedv.Koffeinator.Data.Siemens.Tests.csproj", "{189CE19A-B3C8-4731-B901-F41E741F217F}"
EndProject
Project("{FAE04EC0-301F-11D3-BF4B-00C04F79EFBC}") = "ppedv.Koffeinator.Data.Jura", "ppedv.Koffeinator.Data.Jura\ppedv.Koffeinator.Data.Jura.csproj", "{42DC41D9-A22C-42F5-9C89-74EBD6016107}"
EndProject
Project("{FAE04EC0-301F-11D3-BF4B-00C04F79EFBC}") = "ppedv.Koffeinator.Data.Jura.Tests", "ppedv.Koffeinator.Data.Jura.Tests\ppedv.Koffeinator.Data.Jura.Tests.csproj", "{EA0AD9F4-9219-49BA-B71E-BA89B66EA5E5}"
EndProject
Project("{FAE04EC0-301F-11D3-BF4B-00C04F79EFBC}") = "ppedv.Koffeinator.Data.EF", "ppedv.Koffeinator.Data.EF\ppedv.Koffeinator.Data.EF.csproj", "{B0FC6062-3E5D-42B9-837B-4E5F570A85AC}"
EndProject
Project("{FAE04EC0-301F-11D3-BF4B-00C04F79EFBC}") = "ppedv.Koffeinator.Data.EF.Tests", "ppedv.Koffeinator.Data.EF.Tests\ppedv.Koffeinator.Data.EF.Tests.csproj", "{61E0994E-77FD-41AE-AEDE-E1CD6927D1CC}"
EndProject
Project("{FAE04EC0-301F-11D3-BF4B-00C04F79EFBC}") = "ppedv.Koffeinator.Logik", "ppedv.Koffeinator.Logik\ppedv.Koffeinator.Logik.csproj", "{B732839E-D6CF-4C4B-B58C-F6BDF9F6BDDA}"
EndProject
Project("{2150E333-8FDC-42A3-9474-1A3956D46DE8}") = "Data", "Data", "{31A5E6B8-3B7E-45E0-AAD2-95E4C6A825C6}"
EndProject
Project("{2150E333-8FDC-42A3-9474-1A3956D46DE8}") = "HerstellerTreiber", "HerstellerTreiber", "{105AE4D7-70C2-4549-9E77-3BB121C202D6}"
EndProject
Project("{FAE04EC0-301F-11D3-BF4B-00C04F79EFBC}") = "ppedv.Koffeinator.Logik.Tests", "ppedv.Koffeinator.Logik.Tests\ppedv.Koffeinator.Logik.Tests.csproj", "{F4FF9A38-9E4A-44B5-A584-5516A2268753}"
EndProject
Project("{FAE04EC0-301F-11D3-BF4B-00C04F79EFBC}") = "ppedv.Koffeinator.UI.WPF", "ppedv.Koffeinator.UI.WPF\ppedv.Koffeinator.UI.WPF.csproj", "{3639399D-6E77-4A9A-9800-820542F156ED}"
EndProject
Project("{FAE04EC0-301F-11D3-BF4B-00C04F79EFBC}") = "ppedv.Koffeinator.UI.Web", "ppedv.Koffeinator.UI.Web\ppedv.Koffeinator.UI.Web.csproj", "{7451A6D7-285D-4934-B3E8-66F4938618FA}"
EndProject
Project("{FAE04EC0-301F-11D3-BF4B-00C04F79EFBC}") = "ppedv.Koffeinator.UI.Web.Tests", "ppedv.Koffeinator.UI.Web.Tests\ppedv.Koffeinator.UI.Web.Tests.csproj", "{B3DA0ADC-C10D-4A1D-AD6B-E97B7D3B85D3}"
EndProject
Global
	GlobalSection(SolutionConfigurationPlatforms) = preSolution
		Debug|Any CPU = Debug|Any CPU
		Release|Any CPU = Release|Any CPU
	EndGlobalSection
	GlobalSection(ProjectConfigurationPlatforms) = postSolution
		{102B0883-FFC6-4EFD-9297-439826D9701E}.Debug|Any CPU.ActiveCfg = Debug|Any CPU
		{102B0883-FFC6-4EFD-9297-439826D9701E}.Debug|Any CPU.Build.0 = Debug|Any CPU
		{102B0883-FFC6-4EFD-9297-439826D9701E}.Release|Any CPU.ActiveCfg = Release|Any CPU
		{102B0883-FFC6-4EFD-9297-439826D9701E}.Release|Any CPU.Build.0 = Release|Any CPU
		{10E485AE-44C2-4697-A91B-44D43309EDA3}.Debug|Any CPU.ActiveCfg = Debug|Any CPU
		{10E485AE-44C2-4697-A91B-44D43309EDA3}.Debug|Any CPU.Build.0 = Debug|Any CPU
		{10E485AE-44C2-4697-A91B-44D43309EDA3}.Release|Any CPU.ActiveCfg = Release|Any CPU
		{10E485AE-44C2-4697-A91B-44D43309EDA3}.Release|Any CPU.Build.0 = Release|Any CPU
		{CAF979AD-FD28-48A4-8576-FD01C39F44EF}.Debug|Any CPU.ActiveCfg = Debug|Any CPU
		{CAF979AD-FD28-48A4-8576-FD01C39F44EF}.Debug|Any CPU.Build.0 = Debug|Any CPU
		{CAF979AD-FD28-48A4-8576-FD01C39F44EF}.Release|Any CPU.ActiveCfg = Release|Any CPU
		{CAF979AD-FD28-48A4-8576-FD01C39F44EF}.Release|Any CPU.Build.0 = Release|Any CPU
		{92FDBD02-E657-4A65-B521-BD1CA42A091A}.Debug|Any CPU.ActiveCfg = Debug|Any CPU
		{92FDBD02-E657-4A65-B521-BD1CA42A091A}.Debug|Any CPU.Build.0 = Debug|Any CPU
		{92FDBD02-E657-4A65-B521-BD1CA42A091A}.Release|Any CPU.ActiveCfg = Release|Any CPU
		{92FDBD02-E657-4A65-B521-BD1CA42A091A}.Release|Any CPU.Build.0 = Release|Any CPU
		{189CE19A-B3C8-4731-B901-F41E741F217F}.Debug|Any CPU.ActiveCfg = Debug|Any CPU
		{189CE19A-B3C8-4731-B901-F41E741F217F}.Debug|Any CPU.Build.0 = Debug|Any CPU
		{189CE19A-B3C8-4731-B901-F41E741F217F}.Release|Any CPU.ActiveCfg = Release|Any CPU
		{189CE19A-B3C8-4731-B901-F41E741F217F}.Release|Any CPU.Build.0 = Release|Any CPU
		{42DC41D9-A22C-42F5-9C89-74EBD6016107}.Debug|Any CPU.ActiveCfg = Debug|Any CPU
		{42DC41D9-A22C-42F5-9C89-74EBD6016107}.Debug|Any CPU.Build.0 = Debug|Any CPU
		{42DC41D9-A22C-42F5-9C89-74EBD6016107}.Release|Any CPU.ActiveCfg = Release|Any CPU
		{42DC41D9-A22C-42F5-9C89-74EBD6016107}.Release|Any CPU.Build.0 = Release|Any CPU
		{EA0AD9F4-9219-49BA-B71E-BA89B66EA5E5}.Debug|Any CPU.ActiveCfg = Debug|Any CPU
		{EA0AD9F4-9219-49BA-B71E-BA89B66EA5E5}.Debug|Any CPU.Build.0 = Debug|Any CPU
		{EA0AD9F4-9219-49BA-B71E-BA89B66EA5E5}.Release|Any CPU.ActiveCfg = Release|Any CPU
		{EA0AD9F4-9219-49BA-B71E-BA89B66EA5E5}.Release|Any CPU.Build.0 = Release|Any CPU
		{B0FC6062-3E5D-42B9-837B-4E5F570A85AC}.Debug|Any CPU.ActiveCfg = Debug|Any CPU
		{B0FC6062-3E5D-42B9-837B-4E5F570A85AC}.Debug|Any CPU.Build.0 = Debug|Any CPU
		{B0FC6062-3E5D-42B9-837B-4E5F570A85AC}.Release|Any CPU.ActiveCfg = Release|Any CPU
		{B0FC6062-3E5D-42B9-837B-4E5F570A85AC}.Release|Any CPU.Build.0 = Release|Any CPU
		{61E0994E-77FD-41AE-AEDE-E1CD6927D1CC}.Debug|Any CPU.ActiveCfg = Debug|Any CPU
		{61E0994E-77FD-41AE-AEDE-E1CD6927D1CC}.Debug|Any CPU.Build.0 = Debug|Any CPU
		{61E0994E-77FD-41AE-AEDE-E1CD6927D1CC}.Release|Any CPU.ActiveCfg = Release|Any CPU
		{61E0994E-77FD-41AE-AEDE-E1CD6927D1CC}.Release|Any CPU.Build.0 = Release|Any CPU
		{B732839E-D6CF-4C4B-B58C-F6BDF9F6BDDA}.Debug|Any CPU.ActiveCfg = Debug|Any CPU
		{B732839E-D6CF-4C4B-B58C-F6BDF9F6BDDA}.Debug|Any CPU.Build.0 = Debug|Any CPU
		{B732839E-D6CF-4C4B-B58C-F6BDF9F6BDDA}.Release|Any CPU.ActiveCfg = Release|Any CPU
		{B732839E-D6CF-4C4B-B58C-F6BDF9F6BDDA}.Release|Any CPU.Build.0 = Release|Any CPU
		{F4FF9A38-9E4A-44B5-A584-5516A2268753}.Debug|Any CPU.ActiveCfg = Debug|Any CPU
		{F4FF9A38-9E4A-44B5-A584-5516A2268753}.Debug|Any CPU.Build.0 = Debug|Any CPU
		{F4FF9A38-9E4A-44B5-A584-5516A2268753}.Release|Any CPU.ActiveCfg = Release|Any CPU
		{F4FF9A38-9E4A-44B5-A584-5516A2268753}.Release|Any CPU.Build.0 = Release|Any CPU
		{3639399D-6E77-4A9A-9800-820542F156ED}.Debug|Any CPU.ActiveCfg = Debug|Any CPU
		{3639399D-6E77-4A9A-9800-820542F156ED}.Debug|Any CPU.Build.0 = Debug|Any CPU
		{3639399D-6E77-4A9A-9800-820542F156ED}.Release|Any CPU.ActiveCfg = Release|Any CPU
		{3639399D-6E77-4A9A-9800-820542F156ED}.Release|Any CPU.Build.0 = Release|Any CPU
		{7451A6D7-285D-4934-B3E8-66F4938618FA}.Debug|Any CPU.ActiveCfg = Debug|Any CPU
		{7451A6D7-285D-4934-B3E8-66F4938618FA}.Debug|Any CPU.Build.0 = Debug|Any CPU
		{7451A6D7-285D-4934-B3E8-66F4938618FA}.Release|Any CPU.ActiveCfg = Release|Any CPU
		{7451A6D7-285D-4934-B3E8-66F4938618FA}.Release|Any CPU.Build.0 = Release|Any CPU
		{B3DA0ADC-C10D-4A1D-AD6B-E97B7D3B85D3}.Debug|Any CPU.ActiveCfg = Debug|Any CPU
		{B3DA0ADC-C10D-4A1D-AD6B-E97B7D3B85D3}.Debug|Any CPU.Build.0 = Debug|Any CPU
		{B3DA0ADC-C10D-4A1D-AD6B-E97B7D3B85D3}.Release|Any CPU.ActiveCfg = Release|Any CPU
		{B3DA0ADC-C10D-4A1D-AD6B-E97B7D3B85D3}.Release|Any CPU.Build.0 = Release|Any CPU
	EndGlobalSection
	GlobalSection(SolutionProperties) = preSolution
		HideSolutionNode = FALSE
	EndGlobalSection
	GlobalSection(NestedProjects) = preSolution
		{10E485AE-44C2-4697-A91B-44D43309EDA3} = {105AE4D7-70C2-4549-9E77-3BB121C202D6}
		{CAF979AD-FD28-48A4-8576-FD01C39F44EF} = {105AE4D7-70C2-4549-9E77-3BB121C202D6}
		{92FDBD02-E657-4A65-B521-BD1CA42A091A} = {31A5E6B8-3B7E-45E0-AAD2-95E4C6A825C6}
		{189CE19A-B3C8-4731-B901-F41E741F217F} = {31A5E6B8-3B7E-45E0-AAD2-95E4C6A825C6}
		{42DC41D9-A22C-42F5-9C89-74EBD6016107} = {31A5E6B8-3B7E-45E0-AAD2-95E4C6A825C6}
		{EA0AD9F4-9219-49BA-B71E-BA89B66EA5E5} = {31A5E6B8-3B7E-45E0-AAD2-95E4C6A825C6}
		{B0FC6062-3E5D-42B9-837B-4E5F570A85AC} = {31A5E6B8-3B7E-45E0-AAD2-95E4C6A825C6}
		{61E0994E-77FD-41AE-AEDE-E1CD6927D1CC} = {31A5E6B8-3B7E-45E0-AAD2-95E4C6A825C6}
	EndGlobalSection
	GlobalSection(ExtensibilityGlobals) = postSolution
		SolutionGuid = {3C383532-E1B2-4D40-AC08-B05CABC6FA2E}
	EndGlobalSection
EndGlobal
